// !$*UTF8*$!
{
	archiveVersion = 1;
	classes = {
	};
	objectVersion = 46;
	objects = {

/* Begin PBXBuildFile section */
		D6039B5B59804510CD73C836 /* Pods_SocialApp.framework in Frameworks */ = {isa = PBXBuildFile; fileRef = 886929C1F4D80EA808048B5B /* Pods_SocialApp.framework */; };
		D84105501CFE7F4000636951 /* Bolts.framework in Frameworks */ = {isa = PBXBuildFile; fileRef = D841054C1CFE7F4000636951 /* Bolts.framework */; };
		D84105511CFE7F4000636951 /* FBSDKCoreKit.framework in Frameworks */ = {isa = PBXBuildFile; fileRef = D841054D1CFE7F4000636951 /* FBSDKCoreKit.framework */; };
		D84105521CFE7F4000636951 /* FBSDKLoginKit.framework in Frameworks */ = {isa = PBXBuildFile; fileRef = D841054E1CFE7F4000636951 /* FBSDKLoginKit.framework */; };
		D84105531CFE7F4000636951 /* FBSDKShareKit.framework in Frameworks */ = {isa = PBXBuildFile; fileRef = D841054F1CFE7F4000636951 /* FBSDKShareKit.framework */; };
		D84105591CFE840700636951 /* MaterialView.swift in Sources */ = {isa = PBXBuildFile; fileRef = D84105581CFE840700636951 /* MaterialView.swift */; };
		D841055B1CFE841A00636951 /* MaterialButton.swift in Sources */ = {isa = PBXBuildFile; fileRef = D841055A1CFE841A00636951 /* MaterialButton.swift */; };
		D841055D1CFE842C00636951 /* MaterialTextField.swift in Sources */ = {isa = PBXBuildFile; fileRef = D841055C1CFE842C00636951 /* MaterialTextField.swift */; };
		D84105601CFE845400636951 /* Constants.swift in Sources */ = {isa = PBXBuildFile; fileRef = D841055F1CFE845400636951 /* Constants.swift */; };
		D84105651CFE84A000636951 /* NotoSans-Bold.ttf in Resources */ = {isa = PBXBuildFile; fileRef = D84105611CFE84A000636951 /* NotoSans-Bold.ttf */; };
		D84105661CFE84A000636951 /* NotoSans-BoldItalic.ttf in Resources */ = {isa = PBXBuildFile; fileRef = D84105621CFE84A000636951 /* NotoSans-BoldItalic.ttf */; };
		D84105671CFE84A000636951 /* NotoSans-Italic.ttf in Resources */ = {isa = PBXBuildFile; fileRef = D84105631CFE84A000636951 /* NotoSans-Italic.ttf */; };
		D84105681CFE84A000636951 /* NotoSans-Regular.ttf in Resources */ = {isa = PBXBuildFile; fileRef = D84105641CFE84A000636951 /* NotoSans-Regular.ttf */; };
		D8F7D7BF1CFE317E00ACFAAB /* AppDelegate.swift in Sources */ = {isa = PBXBuildFile; fileRef = D8F7D7BE1CFE317E00ACFAAB /* AppDelegate.swift */; };
		D8F7D7C11CFE317E00ACFAAB /* ViewController.swift in Sources */ = {isa = PBXBuildFile; fileRef = D8F7D7C01CFE317E00ACFAAB /* ViewController.swift */; };
		D8F7D7C41CFE317E00ACFAAB /* Main.storyboard in Resources */ = {isa = PBXBuildFile; fileRef = D8F7D7C21CFE317E00ACFAAB /* Main.storyboard */; };
		D8F7D7C61CFE317E00ACFAAB /* Assets.xcassets in Resources */ = {isa = PBXBuildFile; fileRef = D8F7D7C51CFE317E00ACFAAB /* Assets.xcassets */; };
		D8F7D7C91CFE317E00ACFAAB /* LaunchScreen.storyboard in Resources */ = {isa = PBXBuildFile; fileRef = D8F7D7C71CFE317E00ACFAAB /* LaunchScreen.storyboard */; };
		D8F7D7D11CFE31B400ACFAAB /* GoogleService-Info.plist in Resources */ = {isa = PBXBuildFile; fileRef = D8F7D7D01CFE31B400ACFAAB /* GoogleService-Info.plist */; };
/* End PBXBuildFile section */

/* Begin PBXFileReference section */
		0CE73B68B73A7AE09C61AFAC /* Pods-SocialApp.debug.xcconfig */ = {isa = PBXFileReference; includeInIndex = 1; lastKnownFileType = text.xcconfig; name = "Pods-SocialApp.debug.xcconfig"; path = "Pods/Target Support Files/Pods-SocialApp/Pods-SocialApp.debug.xcconfig"; sourceTree = "<group>"; };
		886929C1F4D80EA808048B5B /* Pods_SocialApp.framework */ = {isa = PBXFileReference; explicitFileType = wrapper.framework; includeInIndex = 0; path = Pods_SocialApp.framework; sourceTree = BUILT_PRODUCTS_DIR; };
		BC23AB03FB1636CD298B2C3F /* Pods-SocialApp.release.xcconfig */ = {isa = PBXFileReference; includeInIndex = 1; lastKnownFileType = text.xcconfig; name = "Pods-SocialApp.release.xcconfig"; path = "Pods/Target Support Files/Pods-SocialApp/Pods-SocialApp.release.xcconfig"; sourceTree = "<group>"; };
		D841054C1CFE7F4000636951 /* Bolts.framework */ = {isa = PBXFileReference; lastKnownFileType = wrapper.framework; path = Bolts.framework; sourceTree = "<group>"; };
		D841054D1CFE7F4000636951 /* FBSDKCoreKit.framework */ = {isa = PBXFileReference; lastKnownFileType = wrapper.framework; path = FBSDKCoreKit.framework; sourceTree = "<group>"; };
		D841054E1CFE7F4000636951 /* FBSDKLoginKit.framework */ = {isa = PBXFileReference; lastKnownFileType = wrapper.framework; path = FBSDKLoginKit.framework; sourceTree = "<group>"; };
		D841054F1CFE7F4000636951 /* FBSDKShareKit.framework */ = {isa = PBXFileReference; lastKnownFileType = wrapper.framework; path = FBSDKShareKit.framework; sourceTree = "<group>"; };
		D84105581CFE840700636951 /* MaterialView.swift */ = {isa = PBXFileReference; fileEncoding = 4; lastKnownFileType = sourcecode.swift; path = MaterialView.swift; sourceTree = "<group>"; };
		D841055A1CFE841A00636951 /* MaterialButton.swift */ = {isa = PBXFileReference; fileEncoding = 4; lastKnownFileType = sourcecode.swift; path = MaterialButton.swift; sourceTree = "<group>"; };
		D841055C1CFE842C00636951 /* MaterialTextField.swift */ = {isa = PBXFileReference; fileEncoding = 4; lastKnownFileType = sourcecode.swift; path = MaterialTextField.swift; sourceTree = "<group>"; };
		D841055F1CFE845400636951 /* Constants.swift */ = {isa = PBXFileReference; fileEncoding = 4; lastKnownFileType = sourcecode.swift; path = Constants.swift; sourceTree = "<group>"; };
		D84105611CFE84A000636951 /* NotoSans-Bold.ttf */ = {isa = PBXFileReference; lastKnownFileType = file; path = "NotoSans-Bold.ttf"; sourceTree = "<group>"; };
		D84105621CFE84A000636951 /* NotoSans-BoldItalic.ttf */ = {isa = PBXFileReference; lastKnownFileType = file; path = "NotoSans-BoldItalic.ttf"; sourceTree = "<group>"; };
		D84105631CFE84A000636951 /* NotoSans-Italic.ttf */ = {isa = PBXFileReference; lastKnownFileType = file; path = "NotoSans-Italic.ttf"; sourceTree = "<group>"; };
		D84105641CFE84A000636951 /* NotoSans-Regular.ttf */ = {isa = PBXFileReference; lastKnownFileType = file; path = "NotoSans-Regular.ttf"; sourceTree = "<group>"; };
		D8F7D7BB1CFE317E00ACFAAB /* SocialApp.app */ = {isa = PBXFileReference; explicitFileType = wrapper.application; includeInIndex = 0; path = SocialApp.app; sourceTree = BUILT_PRODUCTS_DIR; };
		D8F7D7BE1CFE317E00ACFAAB /* AppDelegate.swift */ = {isa = PBXFileReference; lastKnownFileType = sourcecode.swift; path = AppDelegate.swift; sourceTree = "<group>"; };
		D8F7D7C01CFE317E00ACFAAB /* ViewController.swift */ = {isa = PBXFileReference; lastKnownFileType = sourcecode.swift; path = ViewController.swift; sourceTree = "<group>"; };
		D8F7D7C31CFE317E00ACFAAB /* Base */ = {isa = PBXFileReference; lastKnownFileType = file.storyboard; name = Base; path = Base.lproj/Main.storyboard; sourceTree = "<group>"; };
		D8F7D7C51CFE317E00ACFAAB /* Assets.xcassets */ = {isa = PBXFileReference; lastKnownFileType = folder.assetcatalog; path = Assets.xcassets; sourceTree = "<group>"; };
		D8F7D7C81CFE317E00ACFAAB /* Base */ = {isa = PBXFileReference; lastKnownFileType = file.storyboard; name = Base; path = Base.lproj/LaunchScreen.storyboard; sourceTree = "<group>"; };
		D8F7D7CA1CFE317E00ACFAAB /* Info.plist */ = {isa = PBXFileReference; lastKnownFileType = text.plist.xml; path = Info.plist; sourceTree = "<group>"; };
		D8F7D7D01CFE31B400ACFAAB /* GoogleService-Info.plist */ = {isa = PBXFileReference; fileEncoding = 4; lastKnownFileType = text.plist.xml; path = "GoogleService-Info.plist"; sourceTree = "<group>"; };
/* End PBXFileReference section */

/* Begin PBXFrameworksBuildPhase section */
		D8F7D7B81CFE317E00ACFAAB /* Frameworks */ = {
			isa = PBXFrameworksBuildPhase;
			buildActionMask = 2147483647;
			files = (
				D6039B5B59804510CD73C836 /* Pods_SocialApp.framework in Frameworks */,
				D84105511CFE7F4000636951 /* FBSDKCoreKit.framework in Frameworks */,
				D84105531CFE7F4000636951 /* FBSDKShareKit.framework in Frameworks */,
				D84105521CFE7F4000636951 /* FBSDKLoginKit.framework in Frameworks */,
				D84105501CFE7F4000636951 /* Bolts.framework in Frameworks */,
			);
			runOnlyForDeploymentPostprocessing = 0;
		};
/* End PBXFrameworksBuildPhase section */

/* Begin PBXGroup section */
		1496C61320C9DD0FB292D8F4 /* Pods */ = {
			isa = PBXGroup;
			children = (
				0CE73B68B73A7AE09C61AFAC /* Pods-SocialApp.debug.xcconfig */,
				BC23AB03FB1636CD298B2C3F /* Pods-SocialApp.release.xcconfig */,
			);
			name = Pods;
			sourceTree = "<group>";
		};
		21FC86935D7A04C4383D11CC /* Frameworks */ = {
			isa = PBXGroup;
			children = (
				D841054C1CFE7F4000636951 /* Bolts.framework */,
				D841054D1CFE7F4000636951 /* FBSDKCoreKit.framework */,
				D841054E1CFE7F4000636951 /* FBSDKLoginKit.framework */,
				D841054F1CFE7F4000636951 /* FBSDKShareKit.framework */,
				886929C1F4D80EA808048B5B /* Pods_SocialApp.framework */,
			);
			name = Frameworks;
			sourceTree = "<group>";
		};
		D84105541CFE83D000636951 /* Controller */ = {
			isa = PBXGroup;
			children = (
			);
			name = Controller;
			sourceTree = "<group>";
		};
		D84105551CFE83D200636951 /* View */ = {
			isa = PBXGroup;
			children = (
				D84105581CFE840700636951 /* MaterialView.swift */,
				D841055A1CFE841A00636951 /* MaterialButton.swift */,
				D841055C1CFE842C00636951 /* MaterialTextField.swift */,
			);
			name = View;
			sourceTree = "<group>";
		};
		D84105561CFE83D400636951 /* Model */ = {
			isa = PBXGroup;
			children = (
			);
			name = Model;
			sourceTree = "<group>";
		};
		D84105571CFE83D700636951 /* Utilities */ = {
			isa = PBXGroup;
			children = (
				D841055F1CFE845400636951 /* Constants.swift */,
			);
			name = Utilities;
			sourceTree = "<group>";
		};
		D841055E1CFE843600636951 /* Resources */ = {
			isa = PBXGroup;
			children = (
				D84105611CFE84A000636951 /* NotoSans-Bold.ttf */,
				D84105621CFE84A000636951 /* NotoSans-BoldItalic.ttf */,
				D84105631CFE84A000636951 /* NotoSans-Italic.ttf */,
				D84105641CFE84A000636951 /* NotoSans-Regular.ttf */,
			);
			name = Resources;
			sourceTree = "<group>";
		};
		D8F7D7B21CFE317E00ACFAAB = {
			isa = PBXGroup;
			children = (
				D8F7D7BD1CFE317E00ACFAAB /* SocialApp */,
				D8F7D7BC1CFE317E00ACFAAB /* Products */,
				1496C61320C9DD0FB292D8F4 /* Pods */,
				21FC86935D7A04C4383D11CC /* Frameworks */,
			);
			sourceTree = "<group>";
		};
		D8F7D7BC1CFE317E00ACFAAB /* Products */ = {
			isa = PBXGroup;
			children = (
				D8F7D7BB1CFE317E00ACFAAB /* SocialApp.app */,
			);
			name = Products;
			sourceTree = "<group>";
		};
		D8F7D7BD1CFE317E00ACFAAB /* SocialApp */ = {
			isa = PBXGroup;
			children = (
				D841055E1CFE843600636951 /* Resources */,
				D84105571CFE83D700636951 /* Utilities */,
				D84105561CFE83D400636951 /* Model */,
				D84105551CFE83D200636951 /* View */,
				D84105541CFE83D000636951 /* Controller */,
				D8F7D7BE1CFE317E00ACFAAB /* AppDelegate.swift */,
				D8F7D7C01CFE317E00ACFAAB /* ViewController.swift */,
				D8F7D7C21CFE317E00ACFAAB /* Main.storyboard */,
				D8F7D7C51CFE317E00ACFAAB /* Assets.xcassets */,
				D8F7D7C71CFE317E00ACFAAB /* LaunchScreen.storyboard */,
				D8F7D7CA1CFE317E00ACFAAB /* Info.plist */,
				D8F7D7D01CFE31B400ACFAAB /* GoogleService-Info.plist */,
			);
			path = SocialApp;
			sourceTree = "<group>";
		};
/* End PBXGroup section */

/* Begin PBXNativeTarget section */
		D8F7D7BA1CFE317E00ACFAAB /* SocialApp */ = {
			isa = PBXNativeTarget;
			buildConfigurationList = D8F7D7CD1CFE317E00ACFAAB /* Build configuration list for PBXNativeTarget "SocialApp" */;
			buildPhases = (
				05A72B38F3887D343986AB20 /* 📦 Check Pods Manifest.lock */,
				D8F7D7B71CFE317E00ACFAAB /* Sources */,
				D8F7D7B81CFE317E00ACFAAB /* Frameworks */,
				D8F7D7B91CFE317E00ACFAAB /* Resources */,
				848E7D64FF2BCB3DF6BB6C1B /* 📦 Embed Pods Frameworks */,
				603511BF9CA3DFB4FE281400 /* 📦 Copy Pods Resources */,
			);
			buildRules = (
			);
			dependencies = (
			);
			name = SocialApp;
			productName = SocialApp;
			productReference = D8F7D7BB1CFE317E00ACFAAB /* SocialApp.app */;
			productType = "com.apple.product-type.application";
		};
/* End PBXNativeTarget section */

/* Begin PBXProject section */
		D8F7D7B31CFE317E00ACFAAB /* Project object */ = {
			isa = PBXProject;
			attributes = {
				LastSwiftUpdateCheck = 0730;
				LastUpgradeCheck = 0730;
				ORGANIZATIONNAME = "Richard Cuico";
				TargetAttributes = {
					D8F7D7BA1CFE317E00ACFAAB = {
						CreatedOnToolsVersion = 7.3.1;
					};
				};
			};
			buildConfigurationList = D8F7D7B61CFE317E00ACFAAB /* Build configuration list for PBXProject "SocialApp" */;
			compatibilityVersion = "Xcode 3.2";
			developmentRegion = English;
			hasScannedForEncodings = 0;
			knownRegions = (
				en,
				Base,
			);
			mainGroup = D8F7D7B21CFE317E00ACFAAB;
			productRefGroup = D8F7D7BC1CFE317E00ACFAAB /* Products */;
			projectDirPath = "";
			projectRoot = "";
			targets = (
				D8F7D7BA1CFE317E00ACFAAB /* SocialApp */,
			);
		};
/* End PBXProject section */

/* Begin PBXResourcesBuildPhase section */
		D8F7D7B91CFE317E00ACFAAB /* Resources */ = {
			isa = PBXResourcesBuildPhase;
			buildActionMask = 2147483647;
			files = (
				D84105661CFE84A000636951 /* NotoSans-BoldItalic.ttf in Resources */,
				D8F7D7C91CFE317E00ACFAAB /* LaunchScreen.storyboard in Resources */,
				D8F7D7D11CFE31B400ACFAAB /* GoogleService-Info.plist in Resources */,
				D8F7D7C61CFE317E00ACFAAB /* Assets.xcassets in Resources */,
				D84105681CFE84A000636951 /* NotoSans-Regular.ttf in Resources */,
				D84105671CFE84A000636951 /* NotoSans-Italic.ttf in Resources */,
				D84105651CFE84A000636951 /* NotoSans-Bold.ttf in Resources */,
				D8F7D7C41CFE317E00ACFAAB /* Main.storyboard in Resources */,
			);
			runOnlyForDeploymentPostprocessing = 0;
		};
/* End PBXResourcesBuildPhase section */

/* Begin PBXShellScriptBuildPhase section */
		05A72B38F3887D343986AB20 /* 📦 Check Pods Manifest.lock */ = {
			isa = PBXShellScriptBuildPhase;
			buildActionMask = 2147483647;
			files = (
			);
			inputPaths = (
			);
			name = "📦 Check Pods Manifest.lock";
			outputPaths = (
			);
			runOnlyForDeploymentPostprocessing = 0;
			shellPath = /bin/sh;
			shellScript = "diff \"${PODS_ROOT}/../Podfile.lock\" \"${PODS_ROOT}/Manifest.lock\" > /dev/null\nif [[ $? != 0 ]] ; then\n    cat << EOM\nerror: The sandbox is not in sync with the Podfile.lock. Run 'pod install' or update your CocoaPods installation.\nEOM\n    exit 1\nfi\n";
			showEnvVarsInLog = 0;
		};
		603511BF9CA3DFB4FE281400 /* 📦 Copy Pods Resources */ = {
			isa = PBXShellScriptBuildPhase;
			buildActionMask = 2147483647;
			files = (
			);
			inputPaths = (
			);
			name = "📦 Copy Pods Resources";
			outputPaths = (
			);
			runOnlyForDeploymentPostprocessing = 0;
			shellPath = /bin/sh;
			shellScript = "\"${SRCROOT}/Pods/Target Support Files/Pods-SocialApp/Pods-SocialApp-resources.sh\"\n";
			showEnvVarsInLog = 0;
		};
		848E7D64FF2BCB3DF6BB6C1B /* 📦 Embed Pods Frameworks */ = {
			isa = PBXShellScriptBuildPhase;
			buildActionMask = 2147483647;
			files = (
			);
			inputPaths = (
			);
			name = "📦 Embed Pods Frameworks";
			outputPaths = (
			);
			runOnlyForDeploymentPostprocessing = 0;
			shellPath = /bin/sh;
			shellScript = "\"${SRCROOT}/Pods/Target Support Files/Pods-SocialApp/Pods-SocialApp-frameworks.sh\"\n";
			showEnvVarsInLog = 0;
		};
/* End PBXShellScriptBuildPhase section */

/* Begin PBXSourcesBuildPhase section */
		D8F7D7B71CFE317E00ACFAAB /* Sources */ = {
			isa = PBXSourcesBuildPhase;
			buildActionMask = 2147483647;
			files = (
				D84105591CFE840700636951 /* MaterialView.swift in Sources */,
				D8F7D7C11CFE317E00ACFAAB /* ViewController.swift in Sources */,
				D841055D1CFE842C00636951 /* MaterialTextField.swift in Sources */,
				D841055B1CFE841A00636951 /* MaterialButton.swift in Sources */,
				D8F7D7BF1CFE317E00ACFAAB /* AppDelegate.swift in Sources */,
				D84105601CFE845400636951 /* Constants.swift in Sources */,
			);
			runOnlyForDeploymentPostprocessing = 0;
		};
/* End PBXSourcesBuildPhase section */

/* Begin PBXVariantGroup section */
		D8F7D7C21CFE317E00ACFAAB /* Main.storyboard */ = {
			isa = PBXVariantGroup;
			children = (
				D8F7D7C31CFE317E00ACFAAB /* Base */,
			);
			name = Main.storyboard;
			sourceTree = "<group>";
		};
		D8F7D7C71CFE317E00ACFAAB /* LaunchScreen.storyboard */ = {
			isa = PBXVariantGroup;
			children = (
				D8F7D7C81CFE317E00ACFAAB /* Base */,
			);
			name = LaunchScreen.storyboard;
			sourceTree = "<group>";
		};
/* End PBXVariantGroup section */

/* Begin XCBuildConfiguration section */
		D8F7D7CB1CFE317E00ACFAAB /* Debug */ = {
			isa = XCBuildConfiguration;
			buildSettings = {
				ALWAYS_SEARCH_USER_PATHS = NO;
				CLANG_ANALYZER_NONNULL = YES;
				CLANG_CXX_LANGUAGE_STANDARD = "gnu++0x";
				CLANG_CXX_LIBRARY = "libc++";
				CLANG_ENABLE_MODULES = YES;
				CLANG_ENABLE_OBJC_ARC = YES;
				CLANG_WARN_BOOL_CONVERSION = YES;
				CLANG_WARN_CONSTANT_CONVERSION = YES;
				CLANG_WARN_DIRECT_OBJC_ISA_USAGE = YES_ERROR;
				CLANG_WARN_EMPTY_BODY = YES;
				CLANG_WARN_ENUM_CONVERSION = YES;
				CLANG_WARN_INT_CONVERSION = YES;
				CLANG_WARN_OBJC_ROOT_CLASS = YES_ERROR;
				CLANG_WARN_UNREACHABLE_CODE = YES;
				CLANG_WARN__DUPLICATE_METHOD_MATCH = YES;
				"CODE_SIGN_IDENTITY[sdk=iphoneos*]" = "iPhone Developer";
				COPY_PHASE_STRIP = NO;
				DEBUG_INFORMATION_FORMAT = dwarf;
				ENABLE_STRICT_OBJC_MSGSEND = YES;
				ENABLE_TESTABILITY = YES;
				GCC_C_LANGUAGE_STANDARD = gnu99;
				GCC_DYNAMIC_NO_PIC = NO;
				GCC_NO_COMMON_BLOCKS = YES;
				GCC_OPTIMIZATION_LEVEL = 0;
				GCC_PREPROCESSOR_DEFINITIONS = (
					"DEBUG=1",
					"$(inherited)",
				);
				GCC_WARN_64_TO_32_BIT_CONVERSION = YES;
				GCC_WARN_ABOUT_RETURN_TYPE = YES_ERROR;
				GCC_WARN_UNDECLARED_SELECTOR = YES;
				GCC_WARN_UNINITIALIZED_AUTOS = YES_AGGRESSIVE;
				GCC_WARN_UNUSED_FUNCTION = YES;
				GCC_WARN_UNUSED_VARIABLE = YES;
				IPHONEOS_DEPLOYMENT_TARGET = 9.3;
				MTL_ENABLE_DEBUG_INFO = YES;
				ONLY_ACTIVE_ARCH = YES;
				SDKROOT = iphoneos;
				SWIFT_OPTIMIZATION_LEVEL = "-Onone";
				TARGETED_DEVICE_FAMILY = "1,2";
			};
			name = Debug;
		};
		D8F7D7CC1CFE317E00ACFAAB /* Release */ = {
			isa = XCBuildConfiguration;
			buildSettings = {
				ALWAYS_SEARCH_USER_PATHS = NO;
				CLANG_ANALYZER_NONNULL = YES;
				CLANG_CXX_LANGUAGE_STANDARD = "gnu++0x";
				CLANG_CXX_LIBRARY = "libc++";
				CLANG_ENABLE_MODULES = YES;
				CLANG_ENABLE_OBJC_ARC = YES;
				CLANG_WARN_BOOL_CONVERSION = YES;
				CLANG_WARN_CONSTANT_CONVERSION = YES;
				CLANG_WARN_DIRECT_OBJC_ISA_USAGE = YES_ERROR;
				CLANG_WARN_EMPTY_BODY = YES;
				CLANG_WARN_ENUM_CONVERSION = YES;
				CLANG_WARN_INT_CONVERSION = YES;
				CLANG_WARN_OBJC_ROOT_CLASS = YES_ERROR;
				CLANG_WARN_UNREACHABLE_CODE = YES;
				CLANG_WARN__DUPLICATE_METHOD_MATCH = YES;
				"CODE_SIGN_IDENTITY[sdk=iphoneos*]" = "iPhone Developer";
				COPY_PHASE_STRIP = NO;
				DEBUG_INFORMATION_FORMAT = "dwarf-with-dsym";
				ENABLE_NS_ASSERTIONS = NO;
				ENABLE_STRICT_OBJC_MSGSEND = YES;
				GCC_C_LANGUAGE_STANDARD = gnu99;
				GCC_NO_COMMON_BLOCKS = YES;
				GCC_WARN_64_TO_32_BIT_CONVERSION = YES;
				GCC_WARN_ABOUT_RETURN_TYPE = YES_ERROR;
				GCC_WARN_UNDECLARED_SELECTOR = YES;
				GCC_WARN_UNINITIALIZED_AUTOS = YES_AGGRESSIVE;
				GCC_WARN_UNUSED_FUNCTION = YES;
				GCC_WARN_UNUSED_VARIABLE = YES;
				IPHONEOS_DEPLOYMENT_TARGET = 9.3;
				MTL_ENABLE_DEBUG_INFO = NO;
				SDKROOT = iphoneos;
				TARGETED_DEVICE_FAMILY = "1,2";
				VALIDATE_PRODUCT = YES;
			};
			name = Release;
		};
		D8F7D7CE1CFE317E00ACFAAB /* Debug */ = {
			isa = XCBuildConfiguration;
			baseConfigurationReference = 0CE73B68B73A7AE09C61AFAC /* Pods-SocialApp.debug.xcconfig */;
			buildSettings = {
				ASSETCATALOG_COMPILER_APPICON_NAME = AppIcon;
				FRAMEWORK_SEARCH_PATHS = (
					"$(inherited)",
					"$(PROJECT_DIR)",
				);
				INFOPLIST_FILE = SocialApp/Info.plist;
				LD_RUNPATH_SEARCH_PATHS = "$(inherited) @executable_path/Frameworks";
				PRODUCT_BUNDLE_IDENTIFIER = Cuico.SocialApp;
				PRODUCT_NAME = "$(TARGET_NAME)";
			};
			name = Debug;
		};
		D8F7D7CF1CFE317E00ACFAAB /* Release */ = {
			isa = XCBuildConfiguration;
			baseConfigurationReference = BC23AB03FB1636CD298B2C3F /* Pods-SocialApp.release.xcconfig */;
			buildSettings = {
				ASSETCATALOG_COMPILER_APPICON_NAME = AppIcon;
				FRAMEWORK_SEARCH_PATHS = (
					"$(inherited)",
					"$(PROJECT_DIR)",
				);
				INFOPLIST_FILE = SocialApp/Info.plist;
				LD_RUNPATH_SEARCH_PATHS = "$(inherited) @executable_path/Frameworks";
				PRODUCT_BUNDLE_IDENTIFIER = Cuico.SocialApp;
				PRODUCT_NAME = "$(TARGET_NAME)";
			};
			name = Release;
		};
/* End XCBuildConfiguration section */

/* Begin XCConfigurationList section */
		D8F7D7B61CFE317E00ACFAAB /* Build configuration list for PBXProject "SocialApp" */ = {
			isa = XCConfigurationList;
			buildConfigurations = (
				D8F7D7CB1CFE317E00ACFAAB /* Debug */,
				D8F7D7CC1CFE317E00ACFAAB /* Release */,
			);
			defaultConfigurationIsVisible = 0;
			defaultConfigurationName = Release;
		};
		D8F7D7CD1CFE317E00ACFAAB /* Build configuration list for PBXNativeTarget "SocialApp" */ = {
			isa = XCConfigurationList;
			buildConfigurations = (
				D8F7D7CE1CFE317E00ACFAAB /* Debug */,
				D8F7D7CF1CFE317E00ACFAAB /* Release */,
			);
			defaultConfigurationIsVisible = 0;
			defaultConfigurationName = Release;
		};
/* End XCConfigurationList section */
	};
	rootObject = D8F7D7B31CFE317E00ACFAAB /* Project object */;
}
